<?xml version="1.0" encoding="utf-8"?>
<Project ToolsVersion="4.0" xmlns="http://schemas.microsoft.com/developer/msbuild/2003">
  <ItemGroup>
    <Filter Include="Source Files">
      <UniqueIdentifier>{4FC737F1-C7A5-4376-A066-2A32D752A2FF}</UniqueIdentifier>
      <Extensions>cpp;c;cc;cxx;def;odl;idl;hpj;bat;asm;asmx</Extensions>
    </Filter>
    <Filter Include="Header Files">
      <UniqueIdentifier>{93995380-89BD-4b04-88EB-625FBE52EBFB}</UniqueIdentifier>
      <Extensions>h;hh;hpp;hxx;hm;inl;inc;xsd</Extensions>
    </Filter>
    <Filter Include="Resource Files">
      <UniqueIdentifier>{67DA6AB6-F800-4c08-8B7A-83BB121AAD01}</UniqueIdentifier>
      <Extensions>rc;ico;cur;bmp;dlg;rc2;rct;bin;rgs;gif;jpg;jpeg;jpe;resx;tiff;tif;png;wav;mfcribbon-ms</Extensions>
    </Filter>
  </ItemGroup>
  <ItemGroup>
    <ClCompile Include="LOGIN.cpp">
      <Filter>Source Files</Filter>
    </ClCompile>
    <ClCompile Include="signup.cpp">
      <Filter>Source Files</Filter>
    </ClCompile>
    <ClCompile Include="choosetransaction.cpp">
      <Filter>Source Files</Filter>
    </ClCompile>
    <ClCompile Include="MyForm.cpp">
      <Filter>Source Files</Filter>
    </ClCompile>
    <ClCompile Include="firstform.cpp">
      <Filter>Source Files</Filter>
    </ClCompile>
    <ClCompile Include="all_trans_one_user.cpp">
      <Filter>Source Files</Filter>
    </ClCompile>
    <ClCompile Include="report_all.cpp">
      <Filter>Source Files</Filter>
    </ClCompile>
    <ClCompile Include="daily_transaction.cpp">
      <Filter>Source Files</Filter>
    </ClCompile>
  </ItemGroup>
  <ItemGroup>
    <ClInclude Include="LOGIN.h">
      <Filter>Header Files</Filter>
    </ClInclude>
    <ClInclude Include="signup.h">
      <Filter>Header Files</Filter>
    </ClInclude>
    <ClInclude Include="choosetransaction.h">
      <Filter>Header Files</Filter>
    </ClInclude>
    <ClInclude Include="MyForm.h">
      <Filter>Header Files</Filter>
    </ClInclude>
    <ClInclude Include="firstform.h">
      <Filter>Header Files</Filter>
    </ClInclude>
    <ClInclude Include="all_trans_one_user.h">
      <Filter>Header Files</Filter>
    </ClInclude>
    <ClInclude Include="report_all.h">
      <Filter>Header Files</Filter>
    </ClInclude>
    <ClInclude Include="daily_transaction.h">
      <Filter>Header Files</Filter>
    </ClInclude>
  </ItemGroup>
  <ItemGroup>
    <EmbeddedResource Include="choosetransaction.resx">
      <Filter>Resource Files</Filter>
    </EmbeddedResource>
    <EmbeddedResource Include="LOGIN.resx">
      <Filter>Resource Files</Filter>
    </EmbeddedResource>
    <EmbeddedResource Include="signup.resx">
      <Filter>Resource Files</Filter>
    </EmbeddedResource>
    <EmbeddedResource Include="MyForm.resx">
      <Filter>Resource Files</Filter>
    </EmbeddedResource>
    <EmbeddedResource Include="all_trans_one_user.resx">
      <Filter>Resource Files</Filter>
    </EmbeddedResource>
    <EmbeddedResource Include="firstform.resx">
      <Filter>Resource Files</Filter>
    </EmbeddedResource>
    <EmbeddedResource Include="report_all.resx">
      <Filter>Resource Files</Filter>
    </EmbeddedResource>
  </ItemGroup>
</Project>